// !$*UTF8*$!
{
	archiveVersion = 1;
	classes = {
	};
	objectVersion = 56;
	objects = {

/* Begin PBXBuildFile section */
		9C34CEF32C0B8A95009891F7 /* main.swift in Sources */ = {isa = PBXBuildFile; fileRef = 9C34CEF22C0B8A95009891F7 /* main.swift */; };
		9C34CEFA2C0B8AAA009891F7 /* Builder.swift in Sources */ = {isa = PBXBuildFile; fileRef = 9C34CEF92C0B8AAA009891F7 /* Builder.swift */; };
		9C34CEFD2C0BF423009891F7 /* Factory.swift in Sources */ = {isa = PBXBuildFile; fileRef = 9C34CEFC2C0BF423009891F7 /* Factory.swift */; };
		9C34CEFF2C0BFD66009891F7 /* AbstractFactory.swift in Sources */ = {isa = PBXBuildFile; fileRef = 9C34CEFE2C0BFD66009891F7 /* AbstractFactory.swift */; };
		9CB644EF2C87AEF9005E26DE /* Singleton.swift in Sources */ = {isa = PBXBuildFile; fileRef = 9CB644EE2C87AEF9005E26DE /* Singleton.swift */; };
		9CB645002C87D497005E26DE /* SingletonTest.swift in Sources */ = {isa = PBXBuildFile; fileRef = 9CB644FF2C87D497005E26DE /* SingletonTest.swift */; };
		9CB645062C87D4C2005E26DE /* Singleton.swift in Sources */ = {isa = PBXBuildFile; fileRef = 9CB644EE2C87AEF9005E26DE /* Singleton.swift */; };
		9CB645082C8A1557005E26DE /* Monostate.swift in Sources */ = {isa = PBXBuildFile; fileRef = 9CB645072C8A1557005E26DE /* Monostate.swift */; };
		9CB6450C2C8A2519005E26DE /* Adapter.swift in Sources */ = {isa = PBXBuildFile; fileRef = 9CB6450B2C8A2519005E26DE /* Adapter.swift */; };
		9CFBD9F92C1F76F700E98CAD /* Prototype.swift in Sources */ = {isa = PBXBuildFile; fileRef = 9CFBD9F82C1F76F700E98CAD /* Prototype.swift */; };
/* End PBXBuildFile section */

/* Begin PBXCopyFilesBuildPhase section */
		9C34CEED2C0B8A95009891F7 /* CopyFiles */ = {
			isa = PBXCopyFilesBuildPhase;
			buildActionMask = 2147483647;
			dstPath = /usr/share/man/man1/;
			dstSubfolderSpec = 0;
			files = (
			);
			runOnlyForDeploymentPostprocessing = 1;
		};
/* End PBXCopyFilesBuildPhase section */

/* Begin PBXFileReference section */
		9C34CEEF2C0B8A95009891F7 /* DesignPatternsStudies */ = {isa = PBXFileReference; explicitFileType = "compiled.mach-o.executable"; includeInIndex = 0; path = DesignPatternsStudies; sourceTree = BUILT_PRODUCTS_DIR; };
		9C34CEF22C0B8A95009891F7 /* main.swift */ = {isa = PBXFileReference; lastKnownFileType = sourcecode.swift; path = main.swift; sourceTree = "<group>"; };
		9C34CEF92C0B8AAA009891F7 /* Builder.swift */ = {isa = PBXFileReference; lastKnownFileType = sourcecode.swift; path = Builder.swift; sourceTree = "<group>"; };
		9C34CEFC2C0BF423009891F7 /* Factory.swift */ = {isa = PBXFileReference; lastKnownFileType = sourcecode.swift; path = Factory.swift; sourceTree = "<group>"; };
		9C34CEFE2C0BFD66009891F7 /* AbstractFactory.swift */ = {isa = PBXFileReference; lastKnownFileType = sourcecode.swift; path = AbstractFactory.swift; sourceTree = "<group>"; };
		9CB644EE2C87AEF9005E26DE /* Singleton.swift */ = {isa = PBXFileReference; lastKnownFileType = sourcecode.swift; path = Singleton.swift; sourceTree = "<group>"; };
		9CB644FD2C87D497005E26DE /* Test.xctest */ = {isa = PBXFileReference; explicitFileType = wrapper.cfbundle; includeInIndex = 0; path = Test.xctest; sourceTree = BUILT_PRODUCTS_DIR; };
		9CB644FF2C87D497005E26DE /* SingletonTest.swift */ = {isa = PBXFileReference; lastKnownFileType = sourcecode.swift; path = SingletonTest.swift; sourceTree = "<group>"; };
		9CB645072C8A1557005E26DE /* Monostate.swift */ = {isa = PBXFileReference; lastKnownFileType = sourcecode.swift; path = Monostate.swift; sourceTree = "<group>"; };
		9CB6450B2C8A2519005E26DE /* Adapter.swift */ = {isa = PBXFileReference; lastKnownFileType = sourcecode.swift; path = Adapter.swift; sourceTree = "<group>"; };
		9CFBD9F82C1F76F700E98CAD /* Prototype.swift */ = {isa = PBXFileReference; lastKnownFileType = sourcecode.swift; path = Prototype.swift; sourceTree = "<group>"; };
/* End PBXFileReference section */

/* Begin PBXFrameworksBuildPhase section */
		9C34CEEC2C0B8A95009891F7 /* Frameworks */ = {
			isa = PBXFrameworksBuildPhase;
			buildActionMask = 2147483647;
			files = (
			);
			runOnlyForDeploymentPostprocessing = 0;
		};
		9CB644FA2C87D497005E26DE /* Frameworks */ = {
			isa = PBXFrameworksBuildPhase;
			buildActionMask = 2147483647;
			files = (
			);
			runOnlyForDeploymentPostprocessing = 0;
		};
/* End PBXFrameworksBuildPhase section */

/* Begin PBXGroup section */
		9C34CEE62C0B8A95009891F7 = {
			isa = PBXGroup;
			children = (
				9C34CEF12C0B8A95009891F7 /* DesignPatternsStudies */,
				9CB644FE2C87D497005E26DE /* Test */,
				9C34CEF02C0B8A95009891F7 /* Products */,
			);
			sourceTree = "<group>";
		};
		9C34CEF02C0B8A95009891F7 /* Products */ = {
			isa = PBXGroup;
			children = (
				9C34CEEF2C0B8A95009891F7 /* DesignPatternsStudies */,
				9CB644FD2C87D497005E26DE /* Test.xctest */,
			);
			name = Products;
			sourceTree = "<group>";
		};
		9C34CEF12C0B8A95009891F7 /* DesignPatternsStudies */ = {
			isa = PBXGroup;
			children = (
				9CB644F02C87B1A1005E26DE /* CreationalPatterns */,
				9CB645092C8A24B7005E26DE /* StructuralPatterns */,
				9C34CEF22C0B8A95009891F7 /* main.swift */,
			);
			path = DesignPatternsStudies;
			sourceTree = "<group>";
		};
		9CB644F02C87B1A1005E26DE /* CreationalPatterns */ = {
			isa = PBXGroup;
			children = (
				9CB644F12C87B325005E26DE /* Builder */,
				9CB644F22C87B3A2005E26DE /* Factory */,
				9CB644F32C87B3B9005E26DE /* AbstractFactory */,
				9CB644F42C87B3E3005E26DE /* Prototype */,
				9CB644F52C87B3F8005E26DE /* Singleton */,
			);
			path = CreationalPatterns;
			sourceTree = "<group>";
		};
		9CB644F12C87B325005E26DE /* Builder */ = {
			isa = PBXGroup;
			children = (
				9C34CEF92C0B8AAA009891F7 /* Builder.swift */,
			);
			path = Builder;
			sourceTree = "<group>";
		};
		9CB644F22C87B3A2005E26DE /* Factory */ = {
			isa = PBXGroup;
			children = (
				9C34CEFC2C0BF423009891F7 /* Factory.swift */,
			);
			path = Factory;
			sourceTree = "<group>";
		};
		9CB644F32C87B3B9005E26DE /* AbstractFactory */ = {
			isa = PBXGroup;
			children = (
				9C34CEFE2C0BFD66009891F7 /* AbstractFactory.swift */,
			);
			path = AbstractFactory;
			sourceTree = "<group>";
		};
		9CB644F42C87B3E3005E26DE /* Prototype */ = {
			isa = PBXGroup;
			children = (
				9CFBD9F82C1F76F700E98CAD /* Prototype.swift */,
			);
			path = Prototype;
			sourceTree = "<group>";
		};
		9CB644F52C87B3F8005E26DE /* Singleton */ = {
			isa = PBXGroup;
			children = (
				9CB644EE2C87AEF9005E26DE /* Singleton.swift */,
				9CB645072C8A1557005E26DE /* Monostate.swift */,
			);
			path = Singleton;
			sourceTree = "<group>";
		};
		9CB644FE2C87D497005E26DE /* Test */ = {
			isa = PBXGroup;
			children = (
				9CB644FF2C87D497005E26DE /* SingletonTest.swift */,
			);
			path = Test;
			sourceTree = "<group>";
		};
		9CB645092C8A24B7005E26DE /* StructuralPatterns */ = {
			isa = PBXGroup;
			children = (
				9CB6450A2C8A24D2005E26DE /* Adapter */,
			);
			path = StructuralPatterns;
			sourceTree = "<group>";
		};
		9CB6450A2C8A24D2005E26DE /* Adapter */ = {
			isa = PBXGroup;
			children = (
				9CB6450B2C8A2519005E26DE /* Adapter.swift */,
			);
			path = Adapter;
			sourceTree = "<group>";
		};
/* End PBXGroup section */

/* Begin PBXNativeTarget section */
		9C34CEEE2C0B8A95009891F7 /* DesignPatternsStudies */ = {
			isa = PBXNativeTarget;
			buildConfigurationList = 9C34CEF62C0B8A95009891F7 /* Build configuration list for PBXNativeTarget "DesignPatternsStudies" */;
			buildPhases = (
				9C34CEEB2C0B8A95009891F7 /* Sources */,
				9C34CEEC2C0B8A95009891F7 /* Frameworks */,
				9C34CEED2C0B8A95009891F7 /* CopyFiles */,
			);
			buildRules = (
			);
			dependencies = (
			);
			name = DesignPatternsStudies;
			productName = DesignPatternsStudies;
			productReference = 9C34CEEF2C0B8A95009891F7 /* DesignPatternsStudies */;
			productType = "com.apple.product-type.tool";
		};
		9CB644FC2C87D497005E26DE /* Test */ = {
			isa = PBXNativeTarget;
			buildConfigurationList = 9CB645032C87D497005E26DE /* Build configuration list for PBXNativeTarget "Test" */;
			buildPhases = (
				9CB644F92C87D497005E26DE /* Sources */,
				9CB644FA2C87D497005E26DE /* Frameworks */,
				9CB644FB2C87D497005E26DE /* Resources */,
			);
			buildRules = (
			);
			dependencies = (
			);
			name = Test;
			productName = Test;
			productReference = 9CB644FD2C87D497005E26DE /* Test.xctest */;
			productType = "com.apple.product-type.bundle.ui-testing";
		};
/* End PBXNativeTarget section */

/* Begin PBXProject section */
		9C34CEE72C0B8A95009891F7 /* Project object */ = {
			isa = PBXProject;
			attributes = {
				BuildIndependentTargetsInParallel = 1;
				LastSwiftUpdateCheck = 1540;
				LastUpgradeCheck = 1500;
				TargetAttributes = {
					9C34CEEE2C0B8A95009891F7 = {
						CreatedOnToolsVersion = 15.0;
					};
					9CB644FC2C87D497005E26DE = {
						CreatedOnToolsVersion = 15.4;
					};
				};
			};
			buildConfigurationList = 9C34CEEA2C0B8A95009891F7 /* Build configuration list for PBXProject "DesignPatternsStudies" */;
			compatibilityVersion = "Xcode 14.0";
			developmentRegion = en;
			hasScannedForEncodings = 0;
			knownRegions = (
				en,
				Base,
			);
			mainGroup = 9C34CEE62C0B8A95009891F7;
			productRefGroup = 9C34CEF02C0B8A95009891F7 /* Products */;
			projectDirPath = "";
			projectRoot = "";
			targets = (
				9C34CEEE2C0B8A95009891F7 /* DesignPatternsStudies */,
				9CB644FC2C87D497005E26DE /* Test */,
			);
		};
/* End PBXProject section */

/* Begin PBXResourcesBuildPhase section */
		9CB644FB2C87D497005E26DE /* Resources */ = {
			isa = PBXResourcesBuildPhase;
			buildActionMask = 2147483647;
			files = (
			);
			runOnlyForDeploymentPostprocessing = 0;
		};
/* End PBXResourcesBuildPhase section */

/* Begin PBXSourcesBuildPhase section */
		9C34CEEB2C0B8A95009891F7 /* Sources */ = {
			isa = PBXSourcesBuildPhase;
			buildActionMask = 2147483647;
			files = (
				9C34CEFF2C0BFD66009891F7 /* AbstractFactory.swift in Sources */,
				9CB6450C2C8A2519005E26DE /* Adapter.swift in Sources */,
				9CB644EF2C87AEF9005E26DE /* Singleton.swift in Sources */,
				9CFBD9F92C1F76F700E98CAD /* Prototype.swift in Sources */,
				9C34CEF32C0B8A95009891F7 /* main.swift in Sources */,
				9CB645082C8A1557005E26DE /* Monostate.swift in Sources */,
				9C34CEFA2C0B8AAA009891F7 /* Builder.swift in Sources */,
				9C34CEFD2C0BF423009891F7 /* Factory.swift in Sources */,
			);
			runOnlyForDeploymentPostprocessing = 0;
		};
		9CB644F92C87D497005E26DE /* Sources */ = {
			isa = PBXSourcesBuildPhase;
			buildActionMask = 2147483647;
			files = (
				9CB645062C87D4C2005E26DE /* Singleton.swift in Sources */,
				9CB645002C87D497005E26DE /* SingletonTest.swift in Sources */,
			);
			runOnlyForDeploymentPostprocessing = 0;
		};
/* End PBXSourcesBuildPhase section */

/* Begin XCBuildConfiguration section */
		9C34CEF42C0B8A95009891F7 /* Debug */ = {
			isa = XCBuildConfiguration;
			buildSettings = {
				ALWAYS_SEARCH_USER_PATHS = NO;
				ASSETCATALOG_COMPILER_GENERATE_SWIFT_ASSET_SYMBOL_EXTENSIONS = YES;
				CLANG_ANALYZER_NONNULL = YES;
				CLANG_ANALYZER_NUMBER_OBJECT_CONVERSION = YES_AGGRESSIVE;
				CLANG_CXX_LANGUAGE_STANDARD = "gnu++20";
				CLANG_ENABLE_MODULES = YES;
				CLANG_ENABLE_OBJC_ARC = YES;
				CLANG_ENABLE_OBJC_WEAK = YES;
				CLANG_WARN_BLOCK_CAPTURE_AUTORELEASING = YES;
				CLANG_WARN_BOOL_CONVERSION = YES;
				CLANG_WARN_COMMA = YES;
				CLANG_WARN_CONSTANT_CONVERSION = YES;
				CLANG_WARN_DEPRECATED_OBJC_IMPLEMENTATIONS = YES;
				CLANG_WARN_DIRECT_OBJC_ISA_USAGE = YES_ERROR;
				CLANG_WARN_DOCUMENTATION_COMMENTS = YES;
				CLANG_WARN_EMPTY_BODY = YES;
				CLANG_WARN_ENUM_CONVERSION = YES;
				CLANG_WARN_INFINITE_RECURSION = YES;
				CLANG_WARN_INT_CONVERSION = YES;
				CLANG_WARN_NON_LITERAL_NULL_CONVERSION = YES;
				CLANG_WARN_OBJC_IMPLICIT_RETAIN_SELF = YES;
				CLANG_WARN_OBJC_LITERAL_CONVERSION = YES;
				CLANG_WARN_OBJC_ROOT_CLASS = YES_ERROR;
				CLANG_WARN_QUOTED_INCLUDE_IN_FRAMEWORK_HEADER = YES;
				CLANG_WARN_RANGE_LOOP_ANALYSIS = YES;
				CLANG_WARN_STRICT_PROTOTYPES = YES;
				CLANG_WARN_SUSPICIOUS_MOVE = YES;
				CLANG_WARN_UNGUARDED_AVAILABILITY = YES_AGGRESSIVE;
				CLANG_WARN_UNREACHABLE_CODE = YES;
				CLANG_WARN__DUPLICATE_METHOD_MATCH = YES;
				COPY_PHASE_STRIP = NO;
				DEBUG_INFORMATION_FORMAT = dwarf;
				ENABLE_STRICT_OBJC_MSGSEND = YES;
				ENABLE_TESTABILITY = YES;
				ENABLE_USER_SCRIPT_SANDBOXING = YES;
				GCC_C_LANGUAGE_STANDARD = gnu17;
				GCC_DYNAMIC_NO_PIC = NO;
				GCC_NO_COMMON_BLOCKS = YES;
				GCC_OPTIMIZATION_LEVEL = 0;
				GCC_PREPROCESSOR_DEFINITIONS = (
					"DEBUG=1",
					"$(inherited)",
				);
				GCC_WARN_64_TO_32_BIT_CONVERSION = YES;
				GCC_WARN_ABOUT_RETURN_TYPE = YES_ERROR;
				GCC_WARN_UNDECLARED_SELECTOR = YES;
				GCC_WARN_UNINITIALIZED_AUTOS = YES_AGGRESSIVE;
				GCC_WARN_UNUSED_FUNCTION = YES;
				GCC_WARN_UNUSED_VARIABLE = YES;
				LOCALIZATION_PREFERS_STRING_CATALOGS = YES;
				MACOSX_DEPLOYMENT_TARGET = 14.0;
				MTL_ENABLE_DEBUG_INFO = INCLUDE_SOURCE;
				MTL_FAST_MATH = YES;
				ONLY_ACTIVE_ARCH = YES;
				SDKROOT = macosx;
				SWIFT_ACTIVE_COMPILATION_CONDITIONS = "DEBUG $(inherited)";
				SWIFT_OPTIMIZATION_LEVEL = "-Onone";
			};
			name = Debug;
		};
		9C34CEF52C0B8A95009891F7 /* Release */ = {
			isa = XCBuildConfiguration;
			buildSettings = {
				ALWAYS_SEARCH_USER_PATHS = NO;
				ASSETCATALOG_COMPILER_GENERATE_SWIFT_ASSET_SYMBOL_EXTENSIONS = YES;
				CLANG_ANALYZER_NONNULL = YES;
				CLANG_ANALYZER_NUMBER_OBJECT_CONVERSION = YES_AGGRESSIVE;
				CLANG_CXX_LANGUAGE_STANDARD = "gnu++20";
				CLANG_ENABLE_MODULES = YES;
				CLANG_ENABLE_OBJC_ARC = YES;
				CLANG_ENABLE_OBJC_WEAK = YES;
				CLANG_WARN_BLOCK_CAPTURE_AUTORELEASING = YES;
				CLANG_WARN_BOOL_CONVERSION = YES;
				CLANG_WARN_COMMA = YES;
				CLANG_WARN_CONSTANT_CONVERSION = YES;
				CLANG_WARN_DEPRECATED_OBJC_IMPLEMENTATIONS = YES;
				CLANG_WARN_DIRECT_OBJC_ISA_USAGE = YES_ERROR;
				CLANG_WARN_DOCUMENTATION_COMMENTS = YES;
				CLANG_WARN_EMPTY_BODY = YES;
				CLANG_WARN_ENUM_CONVERSION = YES;
				CLANG_WARN_INFINITE_RECURSION = YES;
				CLANG_WARN_INT_CONVERSION = YES;
				CLANG_WARN_NON_LITERAL_NULL_CONVERSION = YES;
				CLANG_WARN_OBJC_IMPLICIT_RETAIN_SELF = YES;
				CLANG_WARN_OBJC_LITERAL_CONVERSION = YES;
				CLANG_WARN_OBJC_ROOT_CLASS = YES_ERROR;
				CLANG_WARN_QUOTED_INCLUDE_IN_FRAMEWORK_HEADER = YES;
				CLANG_WARN_RANGE_LOOP_ANALYSIS = YES;
				CLANG_WARN_STRICT_PROTOTYPES = YES;
				CLANG_WARN_SUSPICIOUS_MOVE = YES;
				CLANG_WARN_UNGUARDED_AVAILABILITY = YES_AGGRESSIVE;
				CLANG_WARN_UNREACHABLE_CODE = YES;
				CLANG_WARN__DUPLICATE_METHOD_MATCH = YES;
				COPY_PHASE_STRIP = NO;
				DEBUG_INFORMATION_FORMAT = "dwarf-with-dsym";
				ENABLE_NS_ASSERTIONS = NO;
				ENABLE_STRICT_OBJC_MSGSEND = YES;
				ENABLE_USER_SCRIPT_SANDBOXING = YES;
				GCC_C_LANGUAGE_STANDARD = gnu17;
				GCC_NO_COMMON_BLOCKS = YES;
				GCC_WARN_64_TO_32_BIT_CONVERSION = YES;
				GCC_WARN_ABOUT_RETURN_TYPE = YES_ERROR;
				GCC_WARN_UNDECLARED_SELECTOR = YES;
				GCC_WARN_UNINITIALIZED_AUTOS = YES_AGGRESSIVE;
				GCC_WARN_UNUSED_FUNCTION = YES;
				GCC_WARN_UNUSED_VARIABLE = YES;
				LOCALIZATION_PREFERS_STRING_CATALOGS = YES;
				MACOSX_DEPLOYMENT_TARGET = 14.0;
				MTL_ENABLE_DEBUG_INFO = NO;
				MTL_FAST_MATH = YES;
				SDKROOT = macosx;
				SWIFT_COMPILATION_MODE = wholemodule;
			};
			name = Release;
		};
		9C34CEF72C0B8A95009891F7 /* Debug */ = {
			isa = XCBuildConfiguration;
			buildSettings = {
				CODE_SIGN_STYLE = Automatic;
				DEVELOPMENT_TEAM = 5L637C2H24;
				ENABLE_HARDENED_RUNTIME = YES;
				PRODUCT_NAME = "$(TARGET_NAME)";
				SWIFT_VERSION = 5.0;
			};
			name = Debug;
		};
		9C34CEF82C0B8A95009891F7 /* Release */ = {
			isa = XCBuildConfiguration;
			buildSettings = {
				CODE_SIGN_STYLE = Automatic;
				DEVELOPMENT_TEAM = 5L637C2H24;
				ENABLE_HARDENED_RUNTIME = YES;
				PRODUCT_NAME = "$(TARGET_NAME)";
				SWIFT_VERSION = 5.0;
			};
			name = Release;
		};
		9CB645042C87D497005E26DE /* Debug */ = {
			isa = XCBuildConfiguration;
			buildSettings = {
				CODE_SIGN_STYLE = Automatic;
				CURRENT_PROJECT_VERSION = 1;
				DEVELOPMENT_TEAM = 5L637C2H24;
				GENERATE_INFOPLIST_FILE = YES;
				MACOSX_DEPLOYMENT_TARGET = 14.5;
				MARKETING_VERSION = 1.0;
				PRODUCT_BUNDLE_IDENTIFIER = com.bilal.Test;
				PRODUCT_NAME = "$(TARGET_NAME)";
				SWIFT_EMIT_LOC_STRINGS = NO;
				SWIFT_VERSION = 5.0;
			};
			name = Debug;
		};
		9CB645052C87D497005E26DE /* Release */ = {
			isa = XCBuildConfiguration;
			buildSettings = {
				CODE_SIGN_STYLE = Automatic;
				CURRENT_PROJECT_VERSION = 1;
				DEVELOPMENT_TEAM = 5L637C2H24;
				GENERATE_INFOPLIST_FILE = YES;
				MACOSX_DEPLOYMENT_TARGET = 14.5;
				MARKETING_VERSION = 1.0;
				PRODUCT_BUNDLE_IDENTIFIER = com.bilal.Test;
				PRODUCT_NAME = "$(TARGET_NAME)";
				SWIFT_EMIT_LOC_STRINGS = NO;
				SWIFT_VERSION = 5.0;
			};
			name = Release;
		};
/* End XCBuildConfiguration section */

/* Begin XCConfigurationList section */
		9C34CEEA2C0B8A95009891F7 /* Build configuration list for PBXProject "DesignPatternsStudies" */ = {
			isa = XCConfigurationList;
			buildConfigurations = (
				9C34CEF42C0B8A95009891F7 /* Debug */,
				9C34CEF52C0B8A95009891F7 /* Release */,
			);
			defaultConfigurationIsVisible = 0;
			defaultConfigurationName = Release;
		};
		9C34CEF62C0B8A95009891F7 /* Build configuration list for PBXNativeTarget "DesignPatternsStudies" */ = {
			isa = XCConfigurationList;
			buildConfigurations = (
				9C34CEF72C0B8A95009891F7 /* Debug */,
				9C34CEF82C0B8A95009891F7 /* Release */,
			);
			defaultConfigurationIsVisible = 0;
			defaultConfigurationName = Release;
		};
		9CB645032C87D497005E26DE /* Build configuration list for PBXNativeTarget "Test" */ = {
			isa = XCConfigurationList;
			buildConfigurations = (
				9CB645042C87D497005E26DE /* Debug */,
				9CB645052C87D497005E26DE /* Release */,
			);
			defaultConfigurationIsVisible = 0;
			defaultConfigurationName = Release;
		};
/* End XCConfigurationList section */
	};
	rootObject = 9C34CEE72C0B8A95009891F7 /* Project object */;
}
